
Microsoft Visual Studio Solution File, Format Version 12.00
# Visual Studio 15
VisualStudioVersion = 15.0.28010.2016
MinimumVisualStudioVersion = 10.0.40219.1
Project("{FAE04EC0-301F-11D3-BF4B-00C04F79EFBC}") = "SmartphoneShop", "SmartphoneShop\SmartphoneShop.csproj", "{7D8A41A8-2D65-40E2-A83F-5A2EAA2028D0}"
EndProject
Project("{FAE04EC0-301F-11D3-BF4B-00C04F79EFBC}") = "SmartphoneShop.Tests", "SmartphoneShop.Tests\SmartphoneShop.Tests.csproj", "{786B58BF-28C7-4C40-AD21-FA63898FD593}"
EndProject
Global
	GlobalSection(SolutionConfigurationPlatforms) = preSolution
		Debug|Any CPU = Debug|Any CPU
		Release|Any CPU = Release|Any CPU
	EndGlobalSection
	GlobalSection(ProjectConfigurationPlatforms) = postSolution
		{7D8A41A8-2D65-40E2-A83F-5A2EAA2028D0}.Debug|Any CPU.ActiveCfg = Debug|Any CPU
		{7D8A41A8-2D65-40E2-A83F-5A2EAA2028D0}.Debug|Any CPU.Build.0 = Debug|Any CPU
		{7D8A41A8-2D65-40E2-A83F-5A2EAA2028D0}.Release|Any CPU.ActiveCfg = Release|Any CPU
		{7D8A41A8-2D65-40E2-A83F-5A2EAA2028D0}.Release|Any CPU.Build.0 = Release|Any CPU
		{786B58BF-28C7-4C40-AD21-FA63898FD593}.Debug|Any CPU.ActiveCfg = Debug|Any CPU
		{786B58BF-28C7-4C40-AD21-FA63898FD593}.Debug|Any CPU.Build.0 = Debug|Any CPU
		{786B58BF-28C7-4C40-AD21-FA63898FD593}.Release|Any CPU.ActiveCfg = Release|Any CPU
		{786B58BF-28C7-4C40-AD21-FA63898FD593}.Release|Any CPU.Build.0 = Release|Any CPU
	EndGlobalSection
	GlobalSection(SolutionProperties) = preSolution
		HideSolutionNode = FALSE
	EndGlobalSection
	GlobalSection(ExtensibilityGlobals) = postSolution
		SolutionGuid = {A3C9ED58-B6A4-444A-972E-198593723929}
	EndGlobalSection
EndGlobal
